<?xml version="1.0" encoding="utf-8"?>
<Project ToolsVersion="4.0" xmlns="http://schemas.microsoft.com/developer/msbuild/2003">
  <ItemGroup>
    <Filter Include="jit">
      <UniqueIdentifier>{84975d62-79f1-4d07-945e-253d7d6e5246}</UniqueIdentifier>
    </Filter>
  </ItemGroup>
  <ItemGroup>
    <ClCompile Include="jit\jit-alloc.c">
      <Filter>jit</Filter>
    </ClCompile>
    <ClCompile Include="jit\jit-apply.c">
      <Filter>jit</Filter>
    </ClCompile>
    <ClCompile Include="jit\jit-apply-arm.c">
      <Filter>jit</Filter>
    </ClCompile>
    <ClCompile Include="jit\jit-apply-x86.c">
      <Filter>jit</Filter>
    </ClCompile>
    <ClCompile Include="jit\jit-apply-x86-64.c">
      <Filter>jit</Filter>
    </ClCompile>
    <ClCompile Include="jit\jit-bitset.c">
      <Filter>jit</Filter>
    </ClCompile>
    <ClCompile Include="jit\jit-block.c">
      <Filter>jit</Filter>
    </ClCompile>
    <ClCompile Include="jit\jit-cfg.c">
      <Filter>jit</Filter>
    </ClCompile>
    <ClCompile Include="jit\jit-compile.c">
      <Filter>jit</Filter>
    </ClCompile>
    <ClCompile Include="jit\jit-context.c">
      <Filter>jit</Filter>
    </ClCompile>
    <ClCompile Include="jit\jit-cpuid-x86.c">
      <Filter>jit</Filter>
    </ClCompile>
    <ClCompile Include="jit\jit-debugger.c">
      <Filter>jit</Filter>
    </ClCompile>
    <ClCompile Include="jit\jit-dump.c">
      <Filter>jit</Filter>
    </ClCompile>
    <ClCompile Include="jit\jit-elf-read.c">
      <Filter>jit</Filter>
    </ClCompile>
    <ClCompile Include="jit\jit-elf-write.c">
      <Filter>jit</Filter>
    </ClCompile>
    <ClCompile Include="jit\jit-except.c">
      <Filter>jit</Filter>
    </ClCompile>
    <ClCompile Include="jit\jit-function.c">
      <Filter>jit</Filter>
    </ClCompile>
    <ClCompile Include="jit\jit-gen-arm.c">
      <Filter>jit</Filter>
    </ClCompile>
    <ClCompile Include="jit\jit-init.c">
      <Filter>jit</Filter>
    </ClCompile>
    <ClCompile Include="jit\jit-insn.c">
      <Filter>jit</Filter>
    </ClCompile>
    <ClCompile Include="jit\jit-interp.c">
      <Filter>jit</Filter>
    </ClCompile>
    <ClCompile Include="jit\jit-interp-opcode.c">
      <Filter>jit</Filter>
    </ClCompile>
    <ClCompile Include="jit\jit-intrinsic.c">
      <Filter>jit</Filter>
    </ClCompile>
    <ClCompile Include="jit\jit-live.c">
      <Filter>jit</Filter>
    </ClCompile>
    <ClCompile Include="jit\jit-memory.c">
      <Filter>jit</Filter>
    </ClCompile>
    <ClCompile Include="jit\jit-memory-cache.c">
      <Filter>jit</Filter>
    </ClCompile>
    <ClCompile Include="jit\jit-meta.c">
      <Filter>jit</Filter>
    </ClCompile>
    <ClCompile Include="jit\jit-objmodel.c">
      <Filter>jit</Filter>
    </ClCompile>
    <ClCompile Include="jit\jit-opcode.c">
      <Filter>jit</Filter>
    </ClCompile>
    <ClCompile Include="jit\jit-opcode-apply.c">
      <Filter>jit</Filter>
    </ClCompile>
    <ClCompile Include="jit\jit-pool.c">
      <Filter>jit</Filter>
    </ClCompile>
    <ClCompile Include="jit\jit-reg-alloc.c">
      <Filter>jit</Filter>
    </ClCompile>
    <ClCompile Include="jit\jit-reg-class.c">
      <Filter>jit</Filter>
    </ClCompile>
    <ClCompile Include="jit\jit-rules.c">
      <Filter>jit</Filter>
    </ClCompile>
    <ClCompile Include="jit\jit-rules-arm.c">
      <Filter>jit</Filter>
    </ClCompile>
    <ClCompile Include="jit\jit-rules-interp.c">
      <Filter>jit</Filter>
    </ClCompile>
    <ClCompile Include="jit\jit-rules-x86.c">
      <Filter>jit</Filter>
    </ClCompile>
    <ClCompile Include="jit\jit-rules-x86-64.c">
      <Filter>jit</Filter>
    </ClCompile>
    <ClCompile Include="jit\jit-signal.c">
      <Filter>jit</Filter>
    </ClCompile>
    <ClCompile Include="jit\jit-symbol.c">
      <Filter>jit</Filter>
    </ClCompile>
    <ClCompile Include="jit\jit-thread.c">
      <Filter>jit</Filter>
    </ClCompile>
    <ClCompile Include="jit\jit-type.c">
      <Filter>jit</Filter>
    </ClCompile>
    <ClCompile Include="jit\jit-unwind.c">
      <Filter>jit</Filter>
    </ClCompile>
    <ClCompile Include="jit\jit-util.c">
      <Filter>jit</Filter>
    </ClCompile>
    <ClCompile Include="jit\jit-value.c">
      <Filter>jit</Filter>
    </ClCompile>
    <ClCompile Include="jit\jit-varint.c">
      <Filter>jit</Filter>
    </ClCompile>
    <ClCompile Include="jit\jit-vmem.c">
      <Filter>jit</Filter>
    </ClCompile>
    <ClCompile Include="jit\jit-walk.c">
      <Filter>jit</Filter>
    </ClCompile>
  </ItemGroup>
  <ItemGroup>
    <ClInclude Include="jit\jit-apply-arm.h">
      <Filter>jit</Filter>
    </ClInclude>
    <ClInclude Include="jit\jit-apply-func.h">
      <Filter>jit</Filter>
    </ClInclude>
    <ClInclude Include="jit\jit-apply-rules.h">
      <Filter>jit</Filter>
    </ClInclude>
    <ClInclude Include="jit\jit-apply-x86.h">
      <Filter>jit</Filter>
    </ClInclude>
    <ClInclude Include="jit\jit-apply-x86-64.h">
      <Filter>jit</Filter>
    </ClInclude>
    <ClInclude Include="jit\jit-bitset.h">
      <Filter>jit</Filter>
    </ClInclude>
    <ClInclude Include="jit\jit-cfg.h">
      <Filter>jit</Filter>
    </ClInclude>
    <ClInclude Include="jit\jit-config.h">
      <Filter>jit</Filter>
    </ClInclude>
    <ClInclude Include="jit\jit-cpuid-x86.h">
      <Filter>jit</Filter>
    </ClInclude>
    <ClInclude Include="jit\jit-elf-defs.h">
      <Filter>jit</Filter>
    </ClInclude>
    <ClInclude Include="jit\jit-gen-arm.h">
      <Filter>jit</Filter>
    </ClInclude>
    <ClInclude Include="jit\jit-gen-x86.h">
      <Filter>jit</Filter>
    </ClInclude>
    <ClInclude Include="jit\jit-gen-x86-64.h">
      <Filter>jit</Filter>
    </ClInclude>
    <ClInclude Include="jit\jit-internal.h">
      <Filter>jit</Filter>
    </ClInclude>
    <ClInclude Include="jit\jit-interp.h">
      <Filter>jit</Filter>
    </ClInclude>
    <ClInclude Include="jit\jit-interp-labels.h">
      <Filter>jit</Filter>
    </ClInclude>
    <ClInclude Include="jit\jit-interp-opcode.h">
      <Filter>jit</Filter>
    </ClInclude>
    <ClInclude Include="jit\jit-reg-alloc.h">
      <Filter>jit</Filter>
    </ClInclude>
    <ClInclude Include="jit\jit-reg-class.h">
      <Filter>jit</Filter>
    </ClInclude>
    <ClInclude Include="jit\jit-rules.h">
      <Filter>jit</Filter>
    </ClInclude>
    <ClInclude Include="jit\jit-rules-arm.h">
      <Filter>jit</Filter>
    </ClInclude>
    <ClInclude Include="jit\jit-rules-interp.h">
      <Filter>jit</Filter>
    </ClInclude>
    <ClInclude Include="jit\jit-rules-x86.h">
      <Filter>jit</Filter>
    </ClInclude>
    <ClInclude Include="jit\jit-rules-x86-64.h">
      <Filter>jit</Filter>
    </ClInclude>
    <ClInclude Include="jit\jit-setjmp.h">
      <Filter>jit</Filter>
    </ClInclude>
    <ClInclude Include="jit\jit-thread.h">
      <Filter>jit</Filter>
    </ClInclude>
    <ClInclude Include="jit\jit-varint.h">
      <Filter>jit</Filter>
    </ClInclude>
  </ItemGroup>
  <ItemGroup>
    <None Include="jit\jit-rules-arm.inc">
      <Filter>jit</Filter>
    </None>
    <None Include="jit\jit-rules-arm.ins">
      <Filter>jit</Filter>
    </None>
    <None Include="jit\jit-rules-x86.inc">
      <Filter>jit</Filter>
    </None>
    <None Include="jit\jit-rules-x86.ins">
      <Filter>jit</Filter>
    </None>
    <None Include="jit\jit-rules-x86-64.inc">
      <Filter>jit</Filter>
    </None>
    <None Include="jit\jit-rules-x86-64.ins">
      <Filter>jit</Filter>
    </None>
  </ItemGroup>
</Project>